[root]
name = "create-index"
version = "0.1.0"
dependencies = [
 "conllx 0.3.1 (registry+https://github.com/rust-lang/crates.io-index)",
]

[[package]]
name = "conllx"
version = "0.3.1"
source = "registry+https://github.com/rust-lang/crates.io-index"

[metadata]
"checksum conllx 0.3.1 (registry+https://github.com/rust-lang/crates.io-index)" = "3756621e3cfe3cd9dc3fd06f1b5b8275530de1ec37a037aa24a6c218397a791c"
